// !$*UTF8*$!
{
	archiveVersion = 1;
	classes = {
	};
	objectVersion = 46;
	objects = {

/* Begin PBXBuildFile section */
		4D1045701A50E3960082DA93 /* main.m in Sources */ = {isa = PBXBuildFile; fileRef = 4D10456F1A50E3960082DA93 /* main.m */; };
		4D1045731A50E3960082DA93 /* AppDelegate.m in Sources */ = {isa = PBXBuildFile; fileRef = 4D1045721A50E3960082DA93 /* AppDelegate.m */; };
		4D1045761A50E3960082DA93 /* ViewController.m in Sources */ = {isa = PBXBuildFile; fileRef = 4D1045751A50E3960082DA93 /* ViewController.m */; };
		4D1045791A50E3960082DA93 /* Main.storyboard in Resources */ = {isa = PBXBuildFile; fileRef = 4D1045771A50E3960082DA93 /* Main.storyboard */; };
		4D10457B1A50E3960082DA93 /* Images.xcassets in Resources */ = {isa = PBXBuildFile; fileRef = 4D10457A1A50E3960082DA93 /* Images.xcassets */; };
		4D10457E1A50E3960082DA93 /* LaunchScreen.xib in Resources */ = {isa = PBXBuildFile; fileRef = 4D10457C1A50E3960082DA93 /* LaunchScreen.xib */; };
		4D68D8731A5225940072ECF5 /* XBNCEvent.m in Sources */ = {isa = PBXBuildFile; fileRef = 4D68D86C1A5225940072ECF5 /* XBNCEvent.m */; };
		4D68D8741A5225940072ECF5 /* XBNCEvent.m in Sources */ = {isa = PBXBuildFile; fileRef = 4D68D86C1A5225940072ECF5 /* XBNCEvent.m */; };
		4D68D8751A5225940072ECF5 /* XBNCEventful.m in Sources */ = {isa = PBXBuildFile; fileRef = 4D68D86E1A5225940072ECF5 /* XBNCEventful.m */; };
		4D68D8761A5225940072ECF5 /* XBNCEventful.m in Sources */ = {isa = PBXBuildFile; fileRef = 4D68D86E1A5225940072ECF5 /* XBNCEventful.m */; };
		4D68D8781A5225940072ECF5 /* XBNCEventfulTests.m in Sources */ = {isa = PBXBuildFile; fileRef = 4D68D86F1A5225940072ECF5 /* XBNCEventfulTests.m */; };
		4D68D8791A5225940072ECF5 /* XBNCEventReceiver.m in Sources */ = {isa = PBXBuildFile; fileRef = 4D68D8711A5225940072ECF5 /* XBNCEventReceiver.m */; };
		4D68D87A1A5225940072ECF5 /* XBNCEventReceiver.m in Sources */ = {isa = PBXBuildFile; fileRef = 4D68D8711A5225940072ECF5 /* XBNCEventReceiver.m */; };
		4DBF732C1A542C6500058C73 /* Event1000TextField.m in Sources */ = {isa = PBXBuildFile; fileRef = 4DBF732B1A542C6500058C73 /* Event1000TextField.m */; };
		4DBF732F1A542C7000058C73 /* Event2000TextField.m in Sources */ = {isa = PBXBuildFile; fileRef = 4DBF732E1A542C7000058C73 /* Event2000TextField.m */; };
/* End PBXBuildFile section */

/* Begin PBXContainerItemProxy section */
		4D1045841A50E3960082DA93 /* PBXContainerItemProxy */ = {
			isa = PBXContainerItemProxy;
			containerPortal = 4D1045621A50E3960082DA93 /* Project object */;
			proxyType = 1;
			remoteGlobalIDString = 4D1045691A50E3960082DA93;
			remoteInfo = XBNCEventful_iOS;
		};
/* End PBXContainerItemProxy section */

/* Begin PBXFileReference section */
		4D10456A1A50E3960082DA93 /* XBNCEventful_iOS.app */ = {isa = PBXFileReference; explicitFileType = wrapper.application; includeInIndex = 0; path = XBNCEventful_iOS.app; sourceTree = BUILT_PRODUCTS_DIR; };
		4D10456E1A50E3960082DA93 /* Info.plist */ = {isa = PBXFileReference; lastKnownFileType = text.plist.xml; path = Info.plist; sourceTree = "<group>"; };
		4D10456F1A50E3960082DA93 /* main.m */ = {isa = PBXFileReference; lastKnownFileType = sourcecode.c.objc; path = main.m; sourceTree = "<group>"; };
		4D1045711A50E3960082DA93 /* AppDelegate.h */ = {isa = PBXFileReference; lastKnownFileType = sourcecode.c.h; path = AppDelegate.h; sourceTree = "<group>"; };
		4D1045721A50E3960082DA93 /* AppDelegate.m */ = {isa = PBXFileReference; lastKnownFileType = sourcecode.c.objc; path = AppDelegate.m; sourceTree = "<group>"; };
		4D1045741A50E3960082DA93 /* ViewController.h */ = {isa = PBXFileReference; lastKnownFileType = sourcecode.c.h; path = ViewController.h; sourceTree = "<group>"; };
		4D1045751A50E3960082DA93 /* ViewController.m */ = {isa = PBXFileReference; lastKnownFileType = sourcecode.c.objc; path = ViewController.m; sourceTree = "<group>"; };
		4D1045781A50E3960082DA93 /* Base */ = {isa = PBXFileReference; lastKnownFileType = file.storyboard; name = Base; path = Base.lproj/Main.storyboard; sourceTree = "<group>"; };
		4D10457A1A50E3960082DA93 /* Images.xcassets */ = {isa = PBXFileReference; lastKnownFileType = folder.assetcatalog; path = Images.xcassets; sourceTree = "<group>"; };
		4D10457D1A50E3960082DA93 /* Base */ = {isa = PBXFileReference; lastKnownFileType = file.xib; name = Base; path = Base.lproj/LaunchScreen.xib; sourceTree = "<group>"; };
		4D1045831A50E3960082DA93 /* XBNCEventful_iOSTests.xctest */ = {isa = PBXFileReference; explicitFileType = wrapper.cfbundle; includeInIndex = 0; path = XBNCEventful_iOSTests.xctest; sourceTree = BUILT_PRODUCTS_DIR; };
		4D1045881A50E3970082DA93 /* Info.plist */ = {isa = PBXFileReference; lastKnownFileType = text.plist.xml; path = Info.plist; sourceTree = "<group>"; };
		4D68D86B1A5225940072ECF5 /* XBNCEvent.h */ = {isa = PBXFileReference; fileEncoding = 4; lastKnownFileType = sourcecode.c.h; path = XBNCEvent.h; sourceTree = "<group>"; };
		4D68D86C1A5225940072ECF5 /* XBNCEvent.m */ = {isa = PBXFileReference; fileEncoding = 4; lastKnownFileType = sourcecode.c.objc; path = XBNCEvent.m; sourceTree = "<group>"; };
		4D68D86D1A5225940072ECF5 /* XBNCEventful.h */ = {isa = PBXFileReference; fileEncoding = 4; lastKnownFileType = sourcecode.c.h; path = XBNCEventful.h; sourceTree = "<group>"; };
		4D68D86E1A5225940072ECF5 /* XBNCEventful.m */ = {isa = PBXFileReference; fileEncoding = 4; lastKnownFileType = sourcecode.c.objc; path = XBNCEventful.m; sourceTree = "<group>"; };
		4D68D86F1A5225940072ECF5 /* XBNCEventfulTests.m */ = {isa = PBXFileReference; fileEncoding = 4; lastKnownFileType = sourcecode.c.objc; path = XBNCEventfulTests.m; sourceTree = "<group>"; };
		4D68D8701A5225940072ECF5 /* XBNCEventReceiver.h */ = {isa = PBXFileReference; fileEncoding = 4; lastKnownFileType = sourcecode.c.h; path = XBNCEventReceiver.h; sourceTree = "<group>"; };
		4D68D8711A5225940072ECF5 /* XBNCEventReceiver.m */ = {isa = PBXFileReference; fileEncoding = 4; lastKnownFileType = sourcecode.c.objc; path = XBNCEventReceiver.m; sourceTree = "<group>"; };
		4D68D8721A5225940072ECF5 /* XBNCHeader.h */ = {isa = PBXFileReference; fileEncoding = 4; lastKnownFileType = sourcecode.c.h; path = XBNCHeader.h; sourceTree = "<group>"; };
		4DBF732A1A542C6500058C73 /* Event1000TextField.h */ = {isa = PBXFileReference; fileEncoding = 4; lastKnownFileType = sourcecode.c.h; path = Event1000TextField.h; sourceTree = "<group>"; };
		4DBF732B1A542C6500058C73 /* Event1000TextField.m */ = {isa = PBXFileReference; fileEncoding = 4; lastKnownFileType = sourcecode.c.objc; path = Event1000TextField.m; sourceTree = "<group>"; };
		4DBF732D1A542C7000058C73 /* Event2000TextField.h */ = {isa = PBXFileReference; fileEncoding = 4; lastKnownFileType = sourcecode.c.h; path = Event2000TextField.h; sourceTree = "<group>"; };
		4DBF732E1A542C7000058C73 /* Event2000TextField.m */ = {isa = PBXFileReference; fileEncoding = 4; lastKnownFileType = sourcecode.c.objc; path = Event2000TextField.m; sourceTree = "<group>"; };
/* End PBXFileReference section */

/* Begin PBXFrameworksBuildPhase section */
		4D1045671A50E3960082DA93 /* Frameworks */ = {
			isa = PBXFrameworksBuildPhase;
			buildActionMask = 2147483647;
			files = (
			);
			runOnlyForDeploymentPostprocessing = 0;
		};
		4D1045801A50E3960082DA93 /* Frameworks */ = {
			isa = PBXFrameworksBuildPhase;
			buildActionMask = 2147483647;
			files = (
			);
			runOnlyForDeploymentPostprocessing = 0;
		};
/* End PBXFrameworksBuildPhase section */

/* Begin PBXGroup section */
		4D1045611A50E3960082DA93 = {
			isa = PBXGroup;
			children = (
				4D68D86A1A5225940072ECF5 /* XBNCEventful_Source */,
				4D10456C1A50E3960082DA93 /* XBNCEventful_iOS */,
				4D1045861A50E3970082DA93 /* XBNCEventful_iOSTests */,
				4D10456B1A50E3960082DA93 /* Products */,
			);
			sourceTree = "<group>";
		};
		4D10456B1A50E3960082DA93 /* Products */ = {
			isa = PBXGroup;
			children = (
				4D10456A1A50E3960082DA93 /* XBNCEventful_iOS.app */,
				4D1045831A50E3960082DA93 /* XBNCEventful_iOSTests.xctest */,
			);
			name = Products;
			sourceTree = "<group>";
		};
		4D10456C1A50E3960082DA93 /* XBNCEventful_iOS */ = {
			isa = PBXGroup;
			children = (
				4D62EE421A537B18003931A1 /* Source */,
				4D62EE431A537B22003931A1 /* Resources */,
			);
			path = XBNCEventful_iOS;
			sourceTree = "<group>";
		};
		4D1045861A50E3970082DA93 /* XBNCEventful_iOSTests */ = {
			isa = PBXGroup;
			children = (
				4D1045881A50E3970082DA93 /* Info.plist */,
			);
			path = XBNCEventful_iOSTests;
			sourceTree = "<group>";
		};
		4D62EE421A537B18003931A1 /* Source */ = {
			isa = PBXGroup;
			children = (
				4D10456F1A50E3960082DA93 /* main.m */,
				4D1045721A50E3960082DA93 /* AppDelegate.m */,
				4D1045711A50E3960082DA93 /* AppDelegate.h */,
				4D1045751A50E3960082DA93 /* ViewController.m */,
				4D1045741A50E3960082DA93 /* ViewController.h */,
				4DBF732B1A542C6500058C73 /* Event1000TextField.m */,
				4DBF732A1A542C6500058C73 /* Event1000TextField.h */,
				4DBF732E1A542C7000058C73 /* Event2000TextField.m */,
				4DBF732D1A542C7000058C73 /* Event2000TextField.h */,
			);
			name = Source;
			sourceTree = "<group>";
		};
		4D62EE431A537B22003931A1 /* Resources */ = {
			isa = PBXGroup;
			children = (
				4D10456E1A50E3960082DA93 /* Info.plist */,
				4D10457A1A50E3960082DA93 /* Images.xcassets */,
				4D10457C1A50E3960082DA93 /* LaunchScreen.xib */,
				4D1045771A50E3960082DA93 /* Main.storyboard */,
			);
			name = Resources;
			sourceTree = "<group>";
		};
		4D68D86A1A5225940072ECF5 /* XBNCEventful_Source */ = {
			isa = PBXGroup;
			children = (
				4D68D8721A5225940072ECF5 /* XBNCHeader.h */,
				4D68D86E1A5225940072ECF5 /* XBNCEventful.m */,
				4D68D86D1A5225940072ECF5 /* XBNCEventful.h */,
				4D68D86C1A5225940072ECF5 /* XBNCEvent.m */,
				4D68D86B1A5225940072ECF5 /* XBNCEvent.h */,
				4D68D8711A5225940072ECF5 /* XBNCEventReceiver.m */,
				4D68D8701A5225940072ECF5 /* XBNCEventReceiver.h */,
				4D68D86F1A5225940072ECF5 /* XBNCEventfulTests.m */,
			);
			name = XBNCEventful_Source;
			path = ../XBNCEventful_Source;
			sourceTree = "<group>";
		};
/* End PBXGroup section */

/* Begin PBXNativeTarget section */
		4D1045691A50E3960082DA93 /* XBNCEventful_iOS */ = {
			isa = PBXNativeTarget;
			buildConfigurationList = 4D10458D1A50E3970082DA93 /* Build configuration list for PBXNativeTarget "XBNCEventful_iOS" */;
			buildPhases = (
				4D1045661A50E3960082DA93 /* Sources */,
				4D1045671A50E3960082DA93 /* Frameworks */,
				4D1045681A50E3960082DA93 /* Resources */,
			);
			buildRules = (
			);
			dependencies = (
			);
			name = XBNCEventful_iOS;
			productName = XBNCEventful_iOS;
			productReference = 4D10456A1A50E3960082DA93 /* XBNCEventful_iOS.app */;
			productType = "com.apple.product-type.application";
		};
		4D1045821A50E3960082DA93 /* XBNCEventful_iOSTests */ = {
			isa = PBXNativeTarget;
			buildConfigurationList = 4D1045901A50E3970082DA93 /* Build configuration list for PBXNativeTarget "XBNCEventful_iOSTests" */;
			buildPhases = (
				4D10457F1A50E3960082DA93 /* Sources */,
				4D1045801A50E3960082DA93 /* Frameworks */,
				4D1045811A50E3960082DA93 /* Resources */,
			);
			buildRules = (
			);
			dependencies = (
				4D1045851A50E3960082DA93 /* PBXTargetDependency */,
			);
			name = XBNCEventful_iOSTests;
			productName = XBNCEventful_iOSTests;
			productReference = 4D1045831A50E3960082DA93 /* XBNCEventful_iOSTests.xctest */;
			productType = "com.apple.product-type.bundle.unit-test";
		};
/* End PBXNativeTarget section */

/* Begin PBXProject section */
		4D1045621A50E3960082DA93 /* Project object */ = {
			isa = PBXProject;
			attributes = {
				LastUpgradeCheck = 0610;
				ORGANIZATIONNAME = Xybernic;
				TargetAttributes = {
					4D1045691A50E3960082DA93 = {
						CreatedOnToolsVersion = 6.1.1;
					};
					4D1045821A50E3960082DA93 = {
						CreatedOnToolsVersion = 6.1.1;
						TestTargetID = 4D1045691A50E3960082DA93;
					};
				};
			};
			buildConfigurationList = 4D1045651A50E3960082DA93 /* Build configuration list for PBXProject "XBNCEventful_iOS" */;
			compatibilityVersion = "Xcode 3.2";
			developmentRegion = English;
			hasScannedForEncodings = 0;
			knownRegions = (
				en,
				Base,
			);
			mainGroup = 4D1045611A50E3960082DA93;
			productRefGroup = 4D10456B1A50E3960082DA93 /* Products */;
			projectDirPath = "";
			projectRoot = "";
			targets = (
				4D1045691A50E3960082DA93 /* XBNCEventful_iOS */,
				4D1045821A50E3960082DA93 /* XBNCEventful_iOSTests */,
			);
		};
/* End PBXProject section */

/* Begin PBXResourcesBuildPhase section */
		4D1045681A50E3960082DA93 /* Resources */ = {
			isa = PBXResourcesBuildPhase;
			buildActionMask = 2147483647;
			files = (
				4D1045791A50E3960082DA93 /* Main.storyboard in Resources */,
				4D10457E1A50E3960082DA93 /* LaunchScreen.xib in Resources */,
				4D10457B1A50E3960082DA93 /* Images.xcassets in Resources */,
			);
			runOnlyForDeploymentPostprocessing = 0;
		};
		4D1045811A50E3960082DA93 /* Resources */ = {
			isa = PBXResourcesBuildPhase;
			buildActionMask = 2147483647;
			files = (
			);
			runOnlyForDeploymentPostprocessing = 0;
		};
/* End PBXResourcesBuildPhase section */

/* Begin PBXSourcesBuildPhase section */
		4D1045661A50E3960082DA93 /* Sources */ = {
			isa = PBXSourcesBuildPhase;
			buildActionMask = 2147483647;
			files = (
				4D68D8791A5225940072ECF5 /* XBNCEventReceiver.m in Sources */,
				4D1045761A50E3960082DA93 /* ViewController.m in Sources */,
				4D1045731A50E3960082DA93 /* AppDelegate.m in Sources */,
				4D68D8751A5225940072ECF5 /* XBNCEventful.m in Sources */,
				4DBF732F1A542C7000058C73 /* Event2000TextField.m in Sources */,
				4D1045701A50E3960082DA93 /* main.m in Sources */,
				4D68D8731A5225940072ECF5 /* XBNCEvent.m in Sources */,
				4DBF732C1A542C6500058C73 /* Event1000TextField.m in Sources */,
			);
			runOnlyForDeploymentPostprocessing = 0;
		};
		4D10457F1A50E3960082DA93 /* Sources */ = {
			isa = PBXSourcesBuildPhase;
			buildActionMask = 2147483647;
			files = (
				4D68D87A1A5225940072ECF5 /* XBNCEventReceiver.m in Sources */,
				4D68D8781A5225940072ECF5 /* XBNCEventfulTests.m in Sources */,
				4D68D8741A5225940072ECF5 /* XBNCEvent.m in Sources */,
				4D68D8761A5225940072ECF5 /* XBNCEventful.m in Sources */,
			);
			runOnlyForDeploymentPostprocessing = 0;
		};
/* End PBXSourcesBuildPhase section */

/* Begin PBXTargetDependency section */
		4D1045851A50E3960082DA93 /* PBXTargetDependency */ = {
			isa = PBXTargetDependency;
			target = 4D1045691A50E3960082DA93 /* XBNCEventful_iOS */;
			targetProxy = 4D1045841A50E3960082DA93 /* PBXContainerItemProxy */;
		};
/* End PBXTargetDependency section */

/* Begin PBXVariantGroup section */
		4D1045771A50E3960082DA93 /* Main.storyboard */ = {
			isa = PBXVariantGroup;
			children = (
				4D1045781A50E3960082DA93 /* Base */,
			);
			name = Main.storyboard;
			sourceTree = "<group>";
		};
		4D10457C1A50E3960082DA93 /* LaunchScreen.xib */ = {
			isa = PBXVariantGroup;
			children = (
				4D10457D1A50E3960082DA93 /* Base */,
			);
			name = LaunchScreen.xib;
			sourceTree = "<group>";
		};
/* End PBXVariantGroup section */

/* Begin XCBuildConfiguration section */
		4D10458B1A50E3970082DA93 /* Debug */ = {
			isa = XCBuildConfiguration;
			buildSettings = {
				ALWAYS_SEARCH_USER_PATHS = NO;
				CLANG_CXX_LANGUAGE_STANDARD = "gnu++0x";
				CLANG_CXX_LIBRARY = "libc++";
				CLANG_ENABLE_MODULES = YES;
				CLANG_ENABLE_OBJC_ARC = YES;
				CLANG_WARN_BOOL_CONVERSION = YES;
				CLANG_WARN_CONSTANT_CONVERSION = YES;
				CLANG_WARN_DIRECT_OBJC_ISA_USAGE = YES_ERROR;
				CLANG_WARN_EMPTY_BODY = YES;
				CLANG_WARN_ENUM_CONVERSION = YES;
				CLANG_WARN_INT_CONVERSION = YES;
				CLANG_WARN_OBJC_ROOT_CLASS = YES_ERROR;
				CLANG_WARN_UNREACHABLE_CODE = YES;
				CLANG_WARN__DUPLICATE_METHOD_MATCH = YES;
				"CODE_SIGN_IDENTITY[sdk=iphoneos*]" = "iPhone Developer";
				COPY_PHASE_STRIP = NO;
				ENABLE_STRICT_OBJC_MSGSEND = YES;
				GCC_C_LANGUAGE_STANDARD = gnu99;
				GCC_DYNAMIC_NO_PIC = NO;
				GCC_OPTIMIZATION_LEVEL = 0;
				GCC_PREPROCESSOR_DEFINITIONS = (
					"DEBUG=1",
					"$(inherited)",
				);
				GCC_SYMBOLS_PRIVATE_EXTERN = NO;
				GCC_WARN_64_TO_32_BIT_CONVERSION = YES;
				GCC_WARN_ABOUT_RETURN_TYPE = YES_ERROR;
				GCC_WARN_UNDECLARED_SELECTOR = YES;
				GCC_WARN_UNINITIALIZED_AUTOS = YES_AGGRESSIVE;
				GCC_WARN_UNUSED_FUNCTION = YES;
				GCC_WARN_UNUSED_VARIABLE = YES;
				IPHONEOS_DEPLOYMENT_TARGET = 8.0;
				MTL_ENABLE_DEBUG_INFO = YES;
				ONLY_ACTIVE_ARCH = YES;
				SDKROOT = iphoneos;
				TARGETED_DEVICE_FAMILY = "1,2";
			};
			name = Debug;
		};
		4D10458C1A50E3970082DA93 /* Release */ = {
			isa = XCBuildConfiguration;
			buildSettings = {
				ALWAYS_SEARCH_USER_PATHS = NO;
				CLANG_CXX_LANGUAGE_STANDARD = "gnu++0x";
				CLANG_CXX_LIBRARY = "libc++";
				CLANG_ENABLE_MODULES = YES;
				CLANG_ENABLE_OBJC_ARC = YES;
				CLANG_WARN_BOOL_CONVERSION = YES;
				CLANG_WARN_CONSTANT_CONVERSION = YES;
				CLANG_WARN_DIRECT_OBJC_ISA_USAGE = YES_ERROR;
				CLANG_WARN_EMPTY_BODY = YES;
				CLANG_WARN_ENUM_CONVERSION = YES;
				CLANG_WARN_INT_CONVERSION = YES;
				CLANG_WARN_OBJC_ROOT_CLASS = YES_ERROR;
				CLANG_WARN_UNREACHABLE_CODE = YES;
				CLANG_WARN__DUPLICATE_METHOD_MATCH = YES;
				"CODE_SIGN_IDENTITY[sdk=iphoneos*]" = "iPhone Developer";
				COPY_PHASE_STRIP = YES;
				ENABLE_NS_ASSERTIONS = NO;
				ENABLE_STRICT_OBJC_MSGSEND = YES;
				GCC_C_LANGUAGE_STANDARD = gnu99;
				GCC_WARN_64_TO_32_BIT_CONVERSION = YES;
				GCC_WARN_ABOUT_RETURN_TYPE = YES_ERROR;
				GCC_WARN_UNDECLARED_SELECTOR = YES;
				GCC_WARN_UNINITIALIZED_AUTOS = YES_AGGRESSIVE;
				GCC_WARN_UNUSED_FUNCTION = YES;
				GCC_WARN_UNUSED_VARIABLE = YES;
				IPHONEOS_DEPLOYMENT_TARGET = 8.0;
				MTL_ENABLE_DEBUG_INFO = NO;
				SDKROOT = iphoneos;
				TARGETED_DEVICE_FAMILY = "1,2";
				VALIDATE_PRODUCT = YES;
			};
			name = Release;
		};
		4D10458E1A50E3970082DA93 /* Debug */ = {
			isa = XCBuildConfiguration;
			buildSettings = {
				ASSETCATALOG_COMPILER_APPICON_NAME = AppIcon;
				INFOPLIST_FILE = XBNCEventful_iOS/Info.plist;
				LD_RUNPATH_SEARCH_PATHS = "$(inherited) @executable_path/Frameworks";
				PRODUCT_NAME = "$(TARGET_NAME)";
			};
			name = Debug;
		};
		4D10458F1A50E3970082DA93 /* Release */ = {
			isa = XCBuildConfiguration;
			buildSettings = {
				ASSETCATALOG_COMPILER_APPICON_NAME = AppIcon;
				INFOPLIST_FILE = XBNCEventful_iOS/Info.plist;
				LD_RUNPATH_SEARCH_PATHS = "$(inherited) @executable_path/Frameworks";
				PRODUCT_NAME = "$(TARGET_NAME)";
			};
			name = Release;
		};
		4D1045911A50E3970082DA93 /* Debug */ = {
			isa = XCBuildConfiguration;
			buildSettings = {
				BUNDLE_LOADER = "$(TEST_HOST)";
				FRAMEWORK_SEARCH_PATHS = (
					"$(SDKROOT)/Developer/Library/Frameworks",
					"$(inherited)",
				);
				GCC_PREPROCESSOR_DEFINITIONS = (
					"DEBUG=1",
					"$(inherited)",
				);
				INFOPLIST_FILE = XBNCEventful_iOSTests/Info.plist;
				LD_RUNPATH_SEARCH_PATHS = "$(inherited) @executable_path/Frameworks @loader_path/Frameworks";
				PRODUCT_NAME = "$(TARGET_NAME)";
				TEST_HOST = "$(BUILT_PRODUCTS_DIR)/XBNCEventful_iOS.app/XBNCEventful_iOS";
			};
			name = Debug;
		};
		4D1045921A50E3970082DA93 /* Release */ = {
			isa = XCBuildConfiguration;
			buildSettings = {
				BUNDLE_LOADER = "$(TEST_HOST)";
				FRAMEWORK_SEARCH_PATHS = (
					"$(SDKROOT)/Developer/Library/Frameworks",
					"$(inherited)",
				);
				INFOPLIST_FILE = XBNCEventful_iOSTests/Info.plist;
				LD_RUNPATH_SEARCH_PATHS = "$(inherited) @executable_path/Frameworks @loader_path/Frameworks";
				PRODUCT_NAME = "$(TARGET_NAME)";
				TEST_HOST = "$(BUILT_PRODUCTS_DIR)/XBNCEventful_iOS.app/XBNCEventful_iOS";
			};
			name = Release;
		};
/* End XCBuildConfiguration section */

/* Begin XCConfigurationList section */
		4D1045651A50E3960082DA93 /* Build configuration list for PBXProject "XBNCEventful_iOS" */ = {
			isa = XCConfigurationList;
			buildConfigurations = (
				4D10458B1A50E3970082DA93 /* Debug */,
				4D10458C1A50E3970082DA93 /* Release */,
			);
			defaultConfigurationIsVisible = 0;
			defaultConfigurationName = Release;
		};
		4D10458D1A50E3970082DA93 /* Build configuration list for PBXNativeTarget "XBNCEventful_iOS" */ = {
			isa = XCConfigurationList;
			buildConfigurations = (
				4D10458E1A50E3970082DA93 /* Debug */,
				4D10458F1A50E3970082DA93 /* Release */,
			);
			defaultConfigurationIsVisible = 0;
			defaultConfigurationName = Release;
		};
		4D1045901A50E3970082DA93 /* Build configuration list for PBXNativeTarget "XBNCEventful_iOSTests" */ = {
			isa = XCConfigurationList;
			buildConfigurations = (
				4D1045911A50E3970082DA93 /* Debug */,
				4D1045921A50E3970082DA93 /* Release */,
			);
			defaultConfigurationIsVisible = 0;
			defaultConfigurationName = Release;
		};
/* End XCConfigurationList section */
	};
	rootObject = 4D1045621A50E3960082DA93 /* Project object */;
}
