// !$*UTF8*$!
{
	archiveVersion = 1;
	classes = {
	};
	objectVersion = 46;
	objects = {

/* Begin PBXBuildFile section */
		4D8D381A1A5F3082008DFEDD /* AppDelegate.m in Sources */ = {isa = PBXBuildFile; fileRef = 4D8D38191A5F3082008DFEDD /* AppDelegate.m */; };
		4D8D381C1A5F3082008DFEDD /* main.m in Sources */ = {isa = PBXBuildFile; fileRef = 4D8D381B1A5F3082008DFEDD /* main.m */; };
		4D8D381F1A5F3082008DFEDD /* ViewController.m in Sources */ = {isa = PBXBuildFile; fileRef = 4D8D381E1A5F3082008DFEDD /* ViewController.m */; };
		4D8D38211A5F3082008DFEDD /* Images.xcassets in Resources */ = {isa = PBXBuildFile; fileRef = 4D8D38201A5F3082008DFEDD /* Images.xcassets */; };
		4D8D38241A5F3082008DFEDD /* Main.storyboard in Resources */ = {isa = PBXBuildFile; fileRef = 4D8D38221A5F3082008DFEDD /* Main.storyboard */; };
		4D8D38301A5F3083008DFEDD /* XBNCEventful_DemoTests.m in Sources */ = {isa = PBXBuildFile; fileRef = 4D8D382F1A5F3083008DFEDD /* XBNCEventful_DemoTests.m */; };
/* End PBXBuildFile section */

/* Begin PBXContainerItemProxy section */
		4D8D382A1A5F3082008DFEDD /* PBXContainerItemProxy */ = {
			isa = PBXContainerItemProxy;
			containerPortal = 4D8D380B1A5F3082008DFEDD /* Project object */;
			proxyType = 1;
			remoteGlobalIDString = 4D8D38121A5F3082008DFEDD;
			remoteInfo = "XBNCEventful Demo";
		};
/* End PBXContainerItemProxy section */

/* Begin PBXFileReference section */
		4D8D38131A5F3082008DFEDD /* XBNCEventful Demo.app */ = {isa = PBXFileReference; explicitFileType = wrapper.application; includeInIndex = 0; path = "XBNCEventful Demo.app"; sourceTree = BUILT_PRODUCTS_DIR; };
		4D8D38171A5F3082008DFEDD /* Info.plist */ = {isa = PBXFileReference; lastKnownFileType = text.plist.xml; path = Info.plist; sourceTree = "<group>"; };
		4D8D38181A5F3082008DFEDD /* AppDelegate.h */ = {isa = PBXFileReference; lastKnownFileType = sourcecode.c.h; path = AppDelegate.h; sourceTree = "<group>"; };
		4D8D38191A5F3082008DFEDD /* AppDelegate.m */ = {isa = PBXFileReference; lastKnownFileType = sourcecode.c.objc; path = AppDelegate.m; sourceTree = "<group>"; };
		4D8D381B1A5F3082008DFEDD /* main.m */ = {isa = PBXFileReference; lastKnownFileType = sourcecode.c.objc; path = main.m; sourceTree = "<group>"; };
		4D8D381D1A5F3082008DFEDD /* ViewController.h */ = {isa = PBXFileReference; lastKnownFileType = sourcecode.c.h; path = ViewController.h; sourceTree = "<group>"; };
		4D8D381E1A5F3082008DFEDD /* ViewController.m */ = {isa = PBXFileReference; lastKnownFileType = sourcecode.c.objc; path = ViewController.m; sourceTree = "<group>"; };
		4D8D38201A5F3082008DFEDD /* Images.xcassets */ = {isa = PBXFileReference; lastKnownFileType = folder.assetcatalog; path = Images.xcassets; sourceTree = "<group>"; };
		4D8D38231A5F3082008DFEDD /* Base */ = {isa = PBXFileReference; lastKnownFileType = file.storyboard; name = Base; path = Base.lproj/Main.storyboard; sourceTree = "<group>"; };
		4D8D38291A5F3082008DFEDD /* XBNCEventful DemoTests.xctest */ = {isa = PBXFileReference; explicitFileType = wrapper.cfbundle; includeInIndex = 0; path = "XBNCEventful DemoTests.xctest"; sourceTree = BUILT_PRODUCTS_DIR; };
		4D8D382E1A5F3083008DFEDD /* Info.plist */ = {isa = PBXFileReference; lastKnownFileType = text.plist.xml; path = Info.plist; sourceTree = "<group>"; };
		4D8D382F1A5F3083008DFEDD /* XBNCEventful_DemoTests.m */ = {isa = PBXFileReference; lastKnownFileType = sourcecode.c.objc; path = XBNCEventful_DemoTests.m; sourceTree = "<group>"; };
/* End PBXFileReference section */

/* Begin PBXFrameworksBuildPhase section */
		4D8D38101A5F3082008DFEDD /* Frameworks */ = {
			isa = PBXFrameworksBuildPhase;
			buildActionMask = 2147483647;
			files = (
			);
			runOnlyForDeploymentPostprocessing = 0;
		};
		4D8D38261A5F3082008DFEDD /* Frameworks */ = {
			isa = PBXFrameworksBuildPhase;
			buildActionMask = 2147483647;
			files = (
			);
			runOnlyForDeploymentPostprocessing = 0;
		};
/* End PBXFrameworksBuildPhase section */

/* Begin PBXGroup section */
		4D8D380A1A5F3082008DFEDD = {
			isa = PBXGroup;
			children = (
				4D8D38151A5F3082008DFEDD /* XBNCEventful Demo */,
				4D8D382C1A5F3082008DFEDD /* XBNCEventful DemoTests */,
				4D8D38141A5F3082008DFEDD /* Products */,
			);
			sourceTree = "<group>";
		};
		4D8D38141A5F3082008DFEDD /* Products */ = {
			isa = PBXGroup;
			children = (
				4D8D38131A5F3082008DFEDD /* XBNCEventful Demo.app */,
				4D8D38291A5F3082008DFEDD /* XBNCEventful DemoTests.xctest */,
			);
			name = Products;
			sourceTree = "<group>";
		};
		4D8D38151A5F3082008DFEDD /* XBNCEventful Demo */ = {
			isa = PBXGroup;
			children = (
				4D8D38181A5F3082008DFEDD /* AppDelegate.h */,
				4D8D38191A5F3082008DFEDD /* AppDelegate.m */,
				4D8D381D1A5F3082008DFEDD /* ViewController.h */,
				4D8D381E1A5F3082008DFEDD /* ViewController.m */,
				4D8D38201A5F3082008DFEDD /* Images.xcassets */,
				4D8D38221A5F3082008DFEDD /* Main.storyboard */,
				4D8D38161A5F3082008DFEDD /* Supporting Files */,
			);
			path = "XBNCEventful Demo";
			sourceTree = "<group>";
		};
		4D8D38161A5F3082008DFEDD /* Supporting Files */ = {
			isa = PBXGroup;
			children = (
				4D8D38171A5F3082008DFEDD /* Info.plist */,
				4D8D381B1A5F3082008DFEDD /* main.m */,
			);
			name = "Supporting Files";
			sourceTree = "<group>";
		};
		4D8D382C1A5F3082008DFEDD /* XBNCEventful DemoTests */ = {
			isa = PBXGroup;
			children = (
				4D8D382F1A5F3083008DFEDD /* XBNCEventful_DemoTests.m */,
				4D8D382D1A5F3083008DFEDD /* Supporting Files */,
			);
			path = "XBNCEventful DemoTests";
			sourceTree = "<group>";
		};
		4D8D382D1A5F3083008DFEDD /* Supporting Files */ = {
			isa = PBXGroup;
			children = (
				4D8D382E1A5F3083008DFEDD /* Info.plist */,
			);
			name = "Supporting Files";
			sourceTree = "<group>";
		};
/* End PBXGroup section */

/* Begin PBXNativeTarget section */
		4D8D38121A5F3082008DFEDD /* XBNCEventful Demo */ = {
			isa = PBXNativeTarget;
			buildConfigurationList = 4D8D38331A5F3083008DFEDD /* Build configuration list for PBXNativeTarget "XBNCEventful Demo" */;
			buildPhases = (
				4D8D380F1A5F3082008DFEDD /* Sources */,
				4D8D38101A5F3082008DFEDD /* Frameworks */,
				4D8D38111A5F3082008DFEDD /* Resources */,
			);
			buildRules = (
			);
			dependencies = (
			);
			name = "XBNCEventful Demo";
			productName = "XBNCEventful Demo";
			productReference = 4D8D38131A5F3082008DFEDD /* XBNCEventful Demo.app */;
			productType = "com.apple.product-type.application";
		};
		4D8D38281A5F3082008DFEDD /* XBNCEventful DemoTests */ = {
			isa = PBXNativeTarget;
			buildConfigurationList = 4D8D38361A5F3083008DFEDD /* Build configuration list for PBXNativeTarget "XBNCEventful DemoTests" */;
			buildPhases = (
				4D8D38251A5F3082008DFEDD /* Sources */,
				4D8D38261A5F3082008DFEDD /* Frameworks */,
				4D8D38271A5F3082008DFEDD /* Resources */,
			);
			buildRules = (
			);
			dependencies = (
				4D8D382B1A5F3082008DFEDD /* PBXTargetDependency */,
			);
			name = "XBNCEventful DemoTests";
			productName = "XBNCEventful DemoTests";
			productReference = 4D8D38291A5F3082008DFEDD /* XBNCEventful DemoTests.xctest */;
			productType = "com.apple.product-type.bundle.unit-test";
		};
/* End PBXNativeTarget section */

/* Begin PBXProject section */
		4D8D380B1A5F3082008DFEDD /* Project object */ = {
			isa = PBXProject;
			attributes = {
				LastUpgradeCheck = 0610;
				ORGANIZATIONNAME = Xybernic;
				TargetAttributes = {
					4D8D38121A5F3082008DFEDD = {
						CreatedOnToolsVersion = 6.1.1;
					};
					4D8D38281A5F3082008DFEDD = {
						CreatedOnToolsVersion = 6.1.1;
						TestTargetID = 4D8D38121A5F3082008DFEDD;
					};
				};
			};
			buildConfigurationList = 4D8D380E1A5F3082008DFEDD /* Build configuration list for PBXProject "XBNCEventful Demo" */;
			compatibilityVersion = "Xcode 3.2";
			developmentRegion = English;
			hasScannedForEncodings = 0;
			knownRegions = (
				en,
				Base,
			);
			mainGroup = 4D8D380A1A5F3082008DFEDD;
			productRefGroup = 4D8D38141A5F3082008DFEDD /* Products */;
			projectDirPath = "";
			projectRoot = "";
			targets = (
				4D8D38121A5F3082008DFEDD /* XBNCEventful Demo */,
				4D8D38281A5F3082008DFEDD /* XBNCEventful DemoTests */,
			);
		};
/* End PBXProject section */

/* Begin PBXResourcesBuildPhase section */
		4D8D38111A5F3082008DFEDD /* Resources */ = {
			isa = PBXResourcesBuildPhase;
			buildActionMask = 2147483647;
			files = (
				4D8D38211A5F3082008DFEDD /* Images.xcassets in Resources */,
				4D8D38241A5F3082008DFEDD /* Main.storyboard in Resources */,
			);
			runOnlyForDeploymentPostprocessing = 0;
		};
		4D8D38271A5F3082008DFEDD /* Resources */ = {
			isa = PBXResourcesBuildPhase;
			buildActionMask = 2147483647;
			files = (
			);
			runOnlyForDeploymentPostprocessing = 0;
		};
/* End PBXResourcesBuildPhase section */

/* Begin PBXSourcesBuildPhase section */
		4D8D380F1A5F3082008DFEDD /* Sources */ = {
			isa = PBXSourcesBuildPhase;
			buildActionMask = 2147483647;
			files = (
				4D8D381F1A5F3082008DFEDD /* ViewController.m in Sources */,
				4D8D381C1A5F3082008DFEDD /* main.m in Sources */,
				4D8D381A1A5F3082008DFEDD /* AppDelegate.m in Sources */,
			);
			runOnlyForDeploymentPostprocessing = 0;
		};
		4D8D38251A5F3082008DFEDD /* Sources */ = {
			isa = PBXSourcesBuildPhase;
			buildActionMask = 2147483647;
			files = (
				4D8D38301A5F3083008DFEDD /* XBNCEventful_DemoTests.m in Sources */,
			);
			runOnlyForDeploymentPostprocessing = 0;
		};
/* End PBXSourcesBuildPhase section */

/* Begin PBXTargetDependency section */
		4D8D382B1A5F3082008DFEDD /* PBXTargetDependency */ = {
			isa = PBXTargetDependency;
			target = 4D8D38121A5F3082008DFEDD /* XBNCEventful Demo */;
			targetProxy = 4D8D382A1A5F3082008DFEDD /* PBXContainerItemProxy */;
		};
/* End PBXTargetDependency section */

/* Begin PBXVariantGroup section */
		4D8D38221A5F3082008DFEDD /* Main.storyboard */ = {
			isa = PBXVariantGroup;
			children = (
				4D8D38231A5F3082008DFEDD /* Base */,
			);
			name = Main.storyboard;
			sourceTree = "<group>";
		};
/* End PBXVariantGroup section */

/* Begin XCBuildConfiguration section */
		4D8D38311A5F3083008DFEDD /* Debug */ = {
			isa = XCBuildConfiguration;
			buildSettings = {
				ALWAYS_SEARCH_USER_PATHS = NO;
				CLANG_CXX_LANGUAGE_STANDARD = "gnu++0x";
				CLANG_CXX_LIBRARY = "libc++";
				CLANG_ENABLE_MODULES = YES;
				CLANG_ENABLE_OBJC_ARC = YES;
				CLANG_WARN_BOOL_CONVERSION = YES;
				CLANG_WARN_CONSTANT_CONVERSION = YES;
				CLANG_WARN_DIRECT_OBJC_ISA_USAGE = YES_ERROR;
				CLANG_WARN_EMPTY_BODY = YES;
				CLANG_WARN_ENUM_CONVERSION = YES;
				CLANG_WARN_INT_CONVERSION = YES;
				CLANG_WARN_OBJC_ROOT_CLASS = YES_ERROR;
				CLANG_WARN_UNREACHABLE_CODE = YES;
				CLANG_WARN__DUPLICATE_METHOD_MATCH = YES;
				CODE_SIGN_IDENTITY = "-";
				COPY_PHASE_STRIP = NO;
				ENABLE_STRICT_OBJC_MSGSEND = YES;
				GCC_C_LANGUAGE_STANDARD = gnu99;
				GCC_DYNAMIC_NO_PIC = NO;
				GCC_OPTIMIZATION_LEVEL = 0;
				GCC_PREPROCESSOR_DEFINITIONS = (
					"DEBUG=1",
					"$(inherited)",
				);
				GCC_SYMBOLS_PRIVATE_EXTERN = NO;
				GCC_WARN_64_TO_32_BIT_CONVERSION = YES;
				GCC_WARN_ABOUT_RETURN_TYPE = YES_ERROR;
				GCC_WARN_UNDECLARED_SELECTOR = YES;
				GCC_WARN_UNINITIALIZED_AUTOS = YES_AGGRESSIVE;
				GCC_WARN_UNUSED_FUNCTION = YES;
				GCC_WARN_UNUSED_VARIABLE = YES;
				MACOSX_DEPLOYMENT_TARGET = 10.10;
				MTL_ENABLE_DEBUG_INFO = YES;
				ONLY_ACTIVE_ARCH = YES;
				SDKROOT = macosx;
			};
			name = Debug;
		};
		4D8D38321A5F3083008DFEDD /* Release */ = {
			isa = XCBuildConfiguration;
			buildSettings = {
				ALWAYS_SEARCH_USER_PATHS = NO;
				CLANG_CXX_LANGUAGE_STANDARD = "gnu++0x";
				CLANG_CXX_LIBRARY = "libc++";
				CLANG_ENABLE_MODULES = YES;
				CLANG_ENABLE_OBJC_ARC = YES;
				CLANG_WARN_BOOL_CONVERSION = YES;
				CLANG_WARN_CONSTANT_CONVERSION = YES;
				CLANG_WARN_DIRECT_OBJC_ISA_USAGE = YES_ERROR;
				CLANG_WARN_EMPTY_BODY = YES;
				CLANG_WARN_ENUM_CONVERSION = YES;
				CLANG_WARN_INT_CONVERSION = YES;
				CLANG_WARN_OBJC_ROOT_CLASS = YES_ERROR;
				CLANG_WARN_UNREACHABLE_CODE = YES;
				CLANG_WARN__DUPLICATE_METHOD_MATCH = YES;
				CODE_SIGN_IDENTITY = "-";
				COPY_PHASE_STRIP = YES;
				DEBUG_INFORMATION_FORMAT = "dwarf-with-dsym";
				ENABLE_NS_ASSERTIONS = NO;
				ENABLE_STRICT_OBJC_MSGSEND = YES;
				GCC_C_LANGUAGE_STANDARD = gnu99;
				GCC_WARN_64_TO_32_BIT_CONVERSION = YES;
				GCC_WARN_ABOUT_RETURN_TYPE = YES_ERROR;
				GCC_WARN_UNDECLARED_SELECTOR = YES;
				GCC_WARN_UNINITIALIZED_AUTOS = YES_AGGRESSIVE;
				GCC_WARN_UNUSED_FUNCTION = YES;
				GCC_WARN_UNUSED_VARIABLE = YES;
				MACOSX_DEPLOYMENT_TARGET = 10.10;
				MTL_ENABLE_DEBUG_INFO = NO;
				SDKROOT = macosx;
			};
			name = Release;
		};
		4D8D38341A5F3083008DFEDD /* Debug */ = {
			isa = XCBuildConfiguration;
			buildSettings = {
				ASSETCATALOG_COMPILER_APPICON_NAME = AppIcon;
				COMBINE_HIDPI_IMAGES = YES;
				INFOPLIST_FILE = "XBNCEventful Demo/Info.plist";
				LD_RUNPATH_SEARCH_PATHS = "$(inherited) @executable_path/../Frameworks";
				PRODUCT_NAME = "$(TARGET_NAME)";
			};
			name = Debug;
		};
		4D8D38351A5F3083008DFEDD /* Release */ = {
			isa = XCBuildConfiguration;
			buildSettings = {
				ASSETCATALOG_COMPILER_APPICON_NAME = AppIcon;
				COMBINE_HIDPI_IMAGES = YES;
				INFOPLIST_FILE = "XBNCEventful Demo/Info.plist";
				LD_RUNPATH_SEARCH_PATHS = "$(inherited) @executable_path/../Frameworks";
				PRODUCT_NAME = "$(TARGET_NAME)";
			};
			name = Release;
		};
		4D8D38371A5F3083008DFEDD /* Debug */ = {
			isa = XCBuildConfiguration;
			buildSettings = {
				BUNDLE_LOADER = "$(TEST_HOST)";
				COMBINE_HIDPI_IMAGES = YES;
				FRAMEWORK_SEARCH_PATHS = (
					"$(DEVELOPER_FRAMEWORKS_DIR)",
					"$(inherited)",
				);
				GCC_PREPROCESSOR_DEFINITIONS = (
					"DEBUG=1",
					"$(inherited)",
				);
				INFOPLIST_FILE = "XBNCEventful DemoTests/Info.plist";
				LD_RUNPATH_SEARCH_PATHS = "$(inherited) @executable_path/../Frameworks @loader_path/../Frameworks";
				PRODUCT_NAME = "$(TARGET_NAME)";
				TEST_HOST = "$(BUILT_PRODUCTS_DIR)/XBNCEventful Demo.app/Contents/MacOS/XBNCEventful Demo";
			};
			name = Debug;
		};
		4D8D38381A5F3083008DFEDD /* Release */ = {
			isa = XCBuildConfiguration;
			buildSettings = {
				BUNDLE_LOADER = "$(TEST_HOST)";
				COMBINE_HIDPI_IMAGES = YES;
				FRAMEWORK_SEARCH_PATHS = (
					"$(DEVELOPER_FRAMEWORKS_DIR)",
					"$(inherited)",
				);
				INFOPLIST_FILE = "XBNCEventful DemoTests/Info.plist";
				LD_RUNPATH_SEARCH_PATHS = "$(inherited) @executable_path/../Frameworks @loader_path/../Frameworks";
				PRODUCT_NAME = "$(TARGET_NAME)";
				TEST_HOST = "$(BUILT_PRODUCTS_DIR)/XBNCEventful Demo.app/Contents/MacOS/XBNCEventful Demo";
			};
			name = Release;
		};
/* End XCBuildConfiguration section */

/* Begin XCConfigurationList section */
		4D8D380E1A5F3082008DFEDD /* Build configuration list for PBXProject "XBNCEventful Demo" */ = {
			isa = XCConfigurationList;
			buildConfigurations = (
				4D8D38311A5F3083008DFEDD /* Debug */,
				4D8D38321A5F3083008DFEDD /* Release */,
			);
			defaultConfigurationIsVisible = 0;
			defaultConfigurationName = Release;
		};
		4D8D38331A5F3083008DFEDD /* Build configuration list for PBXNativeTarget "XBNCEventful Demo" */ = {
			isa = XCConfigurationList;
			buildConfigurations = (
				4D8D38341A5F3083008DFEDD /* Debug */,
				4D8D38351A5F3083008DFEDD /* Release */,
			);
			defaultConfigurationIsVisible = 0;
		};
		4D8D38361A5F3083008DFEDD /* Build configuration list for PBXNativeTarget "XBNCEventful DemoTests" */ = {
			isa = XCConfigurationList;
			buildConfigurations = (
				4D8D38371A5F3083008DFEDD /* Debug */,
				4D8D38381A5F3083008DFEDD /* Release */,
			);
			defaultConfigurationIsVisible = 0;
		};
/* End XCConfigurationList section */
	};
	rootObject = 4D8D380B1A5F3082008DFEDD /* Project object */;
}
